
Microsoft Visual Studio Solution File, Format Version 12.00
# Visual Studio 15
VisualStudioVersion = 15.0.28307.1145
MinimumVisualStudioVersion = 10.0.40219.1
Project("{8BC9CEB8-8B4A-11D0-8D11-00A0C91BC942}") = "NURE-CHI_Internship_LB1", "NURE-CHI_Internship_LB1\NURE-CHI_Internship_LB1.vcxproj", "{ECD3291F-0A0E-4E2C-BFDD-24DFDE1531D8}"
EndProject
Global
	GlobalSection(SolutionConfigurationPlatforms) = preSolution
		Debug|x64 = Debug|x64
		Debug|x86 = Debug|x86
		Release|x64 = Release|x64
		Release|x86 = Release|x86
	EndGlobalSection
	GlobalSection(ProjectConfigurationPlatforms) = postSolution
		{ECD3291F-0A0E-4E2C-BFDD-24DFDE1531D8}.Debug|x64.ActiveCfg = Debug|x64
		{ECD3291F-0A0E-4E2C-BFDD-24DFDE1531D8}.Debug|x64.Build.0 = Debug|x64
		{ECD3291F-0A0E-4E2C-BFDD-24DFDE1531D8}.Debug|x86.ActiveCfg = Debug|Win32
		{ECD3291F-0A0E-4E2C-BFDD-24DFDE1531D8}.Debug|x86.Build.0 = Debug|Win32
		{ECD3291F-0A0E-4E2C-BFDD-24DFDE1531D8}.Release|x64.ActiveCfg = Release|x64
		{ECD3291F-0A0E-4E2C-BFDD-24DFDE1531D8}.Release|x64.Build.0 = Release|x64
		{ECD3291F-0A0E-4E2C-BFDD-24DFDE1531D8}.Release|x86.ActiveCfg = Release|Win32
		{ECD3291F-0A0E-4E2C-BFDD-24DFDE1531D8}.Release|x86.Build.0 = Release|Win32
	EndGlobalSection
	GlobalSection(SolutionProperties) = preSolution
		HideSolutionNode = FALSE
	EndGlobalSection
	GlobalSection(ExtensibilityGlobals) = postSolution
		SolutionGuid = {B192660D-F772-4E5C-9CC3-E22D9A929541}
	EndGlobalSection
EndGlobal
